{
  "name": "game-basics",
  "version": "1.0.0",
  "lockfileVersion": 1,
  "requires": true,
  "dependencies": {
    "@types/node": {
      "version": "11.11.3",
      "resolved": "https://registry.npmjs.org/@types/node/-/node-11.11.3.tgz",
      "integrity": "sha512-wp6IOGu1lxsfnrD+5mX6qwSwWuqsdkKKxTN4aQc4wByHAKZJf9/D4KXPQ1POUjEbnCP5LMggB0OEFNY9OTsMqg=="
    },
    "@types/seedrandom": {
      "version": "2.4.27",
      "resolved": "https://registry.npmjs.org/@types/seedrandom/-/seedrandom-2.4.27.tgz",
      "integrity": "sha1-nbVjk33YaRX2kJK8QyWdL0hXjkE=",
      "dev": true
    },
    "@types/underscore": {
      "version": "1.8.13",
      "resolved": "https://registry.npmjs.org/@types/underscore/-/underscore-1.8.13.tgz",
      "integrity": "sha512-2YEdDHTYAv3YmSoQofzFnlWYDAAtMtVcQ0lOHoURuCt1aT9OgxhhjRRU1WVAiLchNWM7B3a8/iomxenfr9TwKA==",
      "dev": true
    },
    "seedrandom": {
      "version": "3.0.1",
      "resolved": "https://registry.npmjs.org/seedrandom/-/seedrandom-3.0.1.tgz",
      "integrity": "sha512-1/02Y/rUeU1CJBAGLebiC5Lbo5FnB22gQbIFFYTLkwvp1xdABZJH1sn4ZT1MzXmPpzv+Rf/Lu2NcsLJiK4rcDg=="
    },
    "typescript": {
      "version": "3.3.3333",
      "resolved": "http://tfs.ipcorp.com.br/Projetos/_packaging/AllPackages/npm/registry/typescript/-/typescript-3.3.3333.tgz",
      "integrity": "sha512-JjSKsAfuHBE/fB2oZ8NxtRTk5iGcg6hkYXMnZ3Wc+b2RSqejEqTaem11mHASMnFilHrax3sLK0GDzcJrekZYLw==",
      "dev": true
    },
    "underscore": {
      "version": "1.9.1",
      "resolved": "https://registry.npmjs.org/underscore/-/underscore-1.9.1.tgz",
      "integrity": "sha512-5/4etnCkd9c8gwgowi5/om/mYO5ajCaOgdzj/oW+0eQV9WxKBDZw5+ycmKmeaTXjInS/W0BzpGLo2xR2aBwZdg=="
    }
  }
}
